
Microsoft Visual Studio Solution File, Format Version 12.00
# Visual Studio Version 16
VisualStudioVersion = 16.0.31129.286
MinimumVisualStudioVersion = 10.0.40219.1
Project("{FAE04EC0-301F-11D3-BF4B-00C04F79EFBC}") = "webteh2", "webteh2\webteh2.csproj", "{6A599297-8C6A-4A20-8D6C-2F87EF290C81}"
EndProject
Global
	GlobalSection(SolutionConfigurationPlatforms) = preSolution
		Debug|Any CPU = Debug|Any CPU
		Release|Any CPU = Release|Any CPU
	EndGlobalSection
	GlobalSection(ProjectConfigurationPlatforms) = postSolution
		{6A599297-8C6A-4A20-8D6C-2F87EF290C81}.Debug|Any CPU.ActiveCfg = Debug|Any CPU
		{6A599297-8C6A-4A20-8D6C-2F87EF290C81}.Debug|Any CPU.Build.0 = Debug|Any CPU
		{6A599297-8C6A-4A20-8D6C-2F87EF290C81}.Release|Any CPU.ActiveCfg = Release|Any CPU
		{6A599297-8C6A-4A20-8D6C-2F87EF290C81}.Release|Any CPU.Build.0 = Release|Any CPU
	EndGlobalSection
	GlobalSection(SolutionProperties) = preSolution
		HideSolutionNode = FALSE
	EndGlobalSection
	GlobalSection(ExtensibilityGlobals) = postSolution
		SolutionGuid = {746F6EC4-AE45-4B6B-81C5-860FDF8B2DA0}
	EndGlobalSection
EndGlobal
